
Microsoft Visual Studio Solution File, Format Version 12.00
# Visual Studio 11
Project("{2150E333-8FDC-42A3-9474-1A3956D46DE8}") = ".nuget", ".nuget", "{B1386083-5CE7-448B-95E4-7BBD84477B9D}"
	ProjectSection(SolutionItems) = preProject
		.nuget\packages.config = .nuget\packages.config
	EndProjectSection
EndProject
Project("{FAE04EC0-301F-11D3-BF4B-00C04F79EFBC}") = "ServerApplication", "ServerApplication\ServerApplication.csproj", "{998BA5FD-B777-4249-91F1-DB4DD54382CD}"
EndProject
Project("{FAE04EC0-301F-11D3-BF4B-00C04F79EFBC}") = "AsyncMvc", "AsyncMvc\AsyncMvc.csproj", "{A53FF7D1-03CF-4E05-80E4-7F8821FE53FE}"
EndProject
Global
	GlobalSection(SolutionConfigurationPlatforms) = preSolution
		Debug|Any CPU = Debug|Any CPU
		Release|Any CPU = Release|Any CPU
	EndGlobalSection
	GlobalSection(ProjectConfigurationPlatforms) = postSolution
		{998BA5FD-B777-4249-91F1-DB4DD54382CD}.Debug|Any CPU.ActiveCfg = Debug|Any CPU
		{998BA5FD-B777-4249-91F1-DB4DD54382CD}.Debug|Any CPU.Build.0 = Debug|Any CPU
		{998BA5FD-B777-4249-91F1-DB4DD54382CD}.Release|Any CPU.ActiveCfg = Release|Any CPU
		{998BA5FD-B777-4249-91F1-DB4DD54382CD}.Release|Any CPU.Build.0 = Release|Any CPU
		{A53FF7D1-03CF-4E05-80E4-7F8821FE53FE}.Debug|Any CPU.ActiveCfg = Debug|Any CPU
		{A53FF7D1-03CF-4E05-80E4-7F8821FE53FE}.Debug|Any CPU.Build.0 = Debug|Any CPU
		{A53FF7D1-03CF-4E05-80E4-7F8821FE53FE}.Release|Any CPU.ActiveCfg = Release|Any CPU
		{A53FF7D1-03CF-4E05-80E4-7F8821FE53FE}.Release|Any CPU.Build.0 = Release|Any CPU
	EndGlobalSection
	GlobalSection(SolutionProperties) = preSolution
		HideSolutionNode = FALSE
	EndGlobalSection
EndGlobal
